// !$*UTF8*$!
{
	archiveVersion = 1;
	classes = {
	};
	objectVersion = 56;
	objects = {

/* Begin PBXBuildFile section */
		72E56A542AEAAF8900DAA704 /* 101 世貿故障.mp4 in Resources */ = {isa = PBXBuildFile; fileRef = 72E56A512AEAAF8100DAA704 /* 101 世貿故障.mp4 */; };
		72E56A552AEAAF8900DAA704 /* 松菸故障.mp4 in Resources */ = {isa = PBXBuildFile; fileRef = 72E56A522AEAAF8800DAA704 /* 松菸故障.mp4 */; };
		72E56A562AEAAF8900DAA704 /* 自由廣場故障.mp4 in Resources */ = {isa = PBXBuildFile; fileRef = 72E56A532AEAAF8900DAA704 /* 自由廣場故障.mp4 */; };
		72E56A582AEAB0E800DAA704 /* ContentView.swift in Sources */ = {isa = PBXBuildFile; fileRef = 72E56A572AEAB0E800DAA704 /* ContentView.swift */; };
		72E56A5E2AEAB2DD00DAA704 /* Syncopate.ttf in Resources */ = {isa = PBXBuildFile; fileRef = 72E56A5A2AEAB2DD00DAA704 /* Syncopate.ttf */; };
		72E56A5F2AEAB2DD00DAA704 /* SyncopateBold.ttf in Resources */ = {isa = PBXBuildFile; fileRef = 72E56A5B2AEAB2DD00DAA704 /* SyncopateBold.ttf */; };
		72E56A602AEAB2DD00DAA704 /* NotoSansCJKTCBold.ttf in Resources */ = {isa = PBXBuildFile; fileRef = 72E56A5C2AEAB2DD00DAA704 /* NotoSansCJKTCBold.ttf */; };
		72E56A612AEAB2DD00DAA704 /* NotoSansCJKTC.ttf in Resources */ = {isa = PBXBuildFile; fileRef = 72E56A5D2AEAB2DD00DAA704 /* NotoSansCJKTC.ttf */; };
		72EBE04B2AEAB8820085046B /* loadingAnimation2.css in Resources */ = {isa = PBXBuildFile; fileRef = 72EBE0412AEAB8820085046B /* loadingAnimation2.css */; };
		72EBE04C2AEAB8820085046B /* AppDelegate.swift in Sources */ = {isa = PBXBuildFile; fileRef = 72EBE0422AEAB8820085046B /* AppDelegate.swift */; };
		72EBE04D2AEAB8820085046B /* loadingAnimationCompleted.html in Resources */ = {isa = PBXBuildFile; fileRef = 72EBE0432AEAB8820085046B /* loadingAnimationCompleted.html */; };
		72EBE04E2AEAB8820085046B /* futurescenes.json in Resources */ = {isa = PBXBuildFile; fileRef = 72EBE0442AEAB8820085046B /* futurescenes.json */; };
		72EBE04F2AEAB8820085046B /* FutureScene.swift in Sources */ = {isa = PBXBuildFile; fileRef = 72EBE0452AEAB8820085046B /* FutureScene.swift */; };
		72EBE0502AEAB8820085046B /* loadingAnimationInitializing.html in Resources */ = {isa = PBXBuildFile; fileRef = 72EBE0462AEAB8820085046B /* loadingAnimationInitializing.html */; };
		72EBE0512AEAB8820085046B /* SelectButton.swift in Sources */ = {isa = PBXBuildFile; fileRef = 72EBE0472AEAB8820085046B /* SelectButton.swift */; };
		72EBE0522AEAB8820085046B /* ViewController.swift in Sources */ = {isa = PBXBuildFile; fileRef = 72EBE0482AEAB8820085046B /* ViewController.swift */; };
		72EBE0532AEAB8820085046B /* ContentView.swift in Sources */ = {isa = PBXBuildFile; fileRef = 72EBE0492AEAB8820085046B /* ContentView.swift */; };
		72EBE0542AEAB8820085046B /* loadingAnimationLoading.html in Resources */ = {isa = PBXBuildFile; fileRef = 72EBE04A2AEAB8820085046B /* loadingAnimationLoading.html */; };
		72EBE0592AEABADC0085046B /* loadingAnimation1.css in Resources */ = {isa = PBXBuildFile; fileRef = 72EBE0582AEABADC0085046B /* loadingAnimation1.css */; };
		72EBE0602AEAC1BA0085046B /* LaunchScreen.storyboard in Resources */ = {isa = PBXBuildFile; fileRef = 72EBE05F2AEAC1BA0085046B /* LaunchScreen.storyboard */; };
		72F817112AEAA3C60028B738 /* AppDelegate.swift in Sources */ = {isa = PBXBuildFile; fileRef = 72F817102AEAA3C60028B738 /* AppDelegate.swift */; };
		72F817152AEAA3C60028B738 /* ViewController.swift in Sources */ = {isa = PBXBuildFile; fileRef = 72F817142AEAA3C60028B738 /* ViewController.swift */; };
		72F817182AEAA3C60028B738 /* Main.storyboard in Resources */ = {isa = PBXBuildFile; fileRef = 72F817162AEAA3C60028B738 /* Main.storyboard */; };
		72F8171A2AEAA3C80028B738 /* Assets.xcassets in Resources */ = {isa = PBXBuildFile; fileRef = 72F817192AEAA3C80028B738 /* Assets.xcassets */; };
/* End PBXBuildFile section */

/* Begin PBXFileReference section */
		72E56A512AEAAF8100DAA704 /* 101 世貿故障.mp4 */ = {isa = PBXFileReference; lastKnownFileType = file; path = "101 世貿故障.mp4"; sourceTree = "<group>"; };
		72E56A522AEAAF8800DAA704 /* 松菸故障.mp4 */ = {isa = PBXFileReference; lastKnownFileType = file; path = "松菸故障.mp4"; sourceTree = "<group>"; };
		72E56A532AEAAF8900DAA704 /* 自由廣場故障.mp4 */ = {isa = PBXFileReference; lastKnownFileType = file; path = "自由廣場故障.mp4"; sourceTree = "<group>"; };
		72E56A572AEAB0E800DAA704 /* ContentView.swift */ = {isa = PBXFileReference; lastKnownFileType = sourcecode.swift; path = ContentView.swift; sourceTree = "<group>"; };
		72E56A5A2AEAB2DD00DAA704 /* Syncopate.ttf */ = {isa = PBXFileReference; lastKnownFileType = file; path = Syncopate.ttf; sourceTree = "<group>"; };
		72E56A5B2AEAB2DD00DAA704 /* SyncopateBold.ttf */ = {isa = PBXFileReference; lastKnownFileType = file; path = SyncopateBold.ttf; sourceTree = "<group>"; };
		72E56A5C2AEAB2DD00DAA704 /* NotoSansCJKTCBold.ttf */ = {isa = PBXFileReference; lastKnownFileType = file; path = NotoSansCJKTCBold.ttf; sourceTree = "<group>"; };
		72E56A5D2AEAB2DD00DAA704 /* NotoSansCJKTC.ttf */ = {isa = PBXFileReference; lastKnownFileType = file; path = NotoSansCJKTC.ttf; sourceTree = "<group>"; };
		72EBE0412AEAB8820085046B /* loadingAnimation2.css */ = {isa = PBXFileReference; fileEncoding = 4; lastKnownFileType = text.css; path = loadingAnimation2.css; sourceTree = "<group>"; };
		72EBE0422AEAB8820085046B /* AppDelegate.swift */ = {isa = PBXFileReference; fileEncoding = 4; lastKnownFileType = sourcecode.swift; path = AppDelegate.swift; sourceTree = "<group>"; };
		72EBE0432AEAB8820085046B /* loadingAnimationCompleted.html */ = {isa = PBXFileReference; fileEncoding = 4; lastKnownFileType = text.html; path = loadingAnimationCompleted.html; sourceTree = "<group>"; };
		72EBE0442AEAB8820085046B /* futurescenes.json */ = {isa = PBXFileReference; fileEncoding = 4; lastKnownFileType = text.json; path = futurescenes.json; sourceTree = "<group>"; };
		72EBE0452AEAB8820085046B /* FutureScene.swift */ = {isa = PBXFileReference; fileEncoding = 4; lastKnownFileType = sourcecode.swift; path = FutureScene.swift; sourceTree = "<group>"; };
		72EBE0462AEAB8820085046B /* loadingAnimationInitializing.html */ = {isa = PBXFileReference; fileEncoding = 4; lastKnownFileType = text.html; path = loadingAnimationInitializing.html; sourceTree = "<group>"; };
		72EBE0472AEAB8820085046B /* SelectButton.swift */ = {isa = PBXFileReference; fileEncoding = 4; lastKnownFileType = sourcecode.swift; path = SelectButton.swift; sourceTree = "<group>"; };
		72EBE0482AEAB8820085046B /* ViewController.swift */ = {isa = PBXFileReference; fileEncoding = 4; lastKnownFileType = sourcecode.swift; path = ViewController.swift; sourceTree = "<group>"; };
		72EBE0492AEAB8820085046B /* ContentView.swift */ = {isa = PBXFileReference; fileEncoding = 4; lastKnownFileType = sourcecode.swift; path = ContentView.swift; sourceTree = "<group>"; };
		72EBE04A2AEAB8820085046B /* loadingAnimationLoading.html */ = {isa = PBXFileReference; fileEncoding = 4; lastKnownFileType = text.html; path = loadingAnimationLoading.html; sourceTree = "<group>"; };
		72EBE0582AEABADC0085046B /* loadingAnimation1.css */ = {isa = PBXFileReference; fileEncoding = 4; lastKnownFileType = text.css; path = loadingAnimation1.css; sourceTree = "<group>"; };
		72EBE05A2AEABCDB0085046B /* Info.plist */ = {isa = PBXFileReference; lastKnownFileType = text.plist; path = Info.plist; sourceTree = "<group>"; };
		72EBE05F2AEAC1BA0085046B /* LaunchScreen.storyboard */ = {isa = PBXFileReference; lastKnownFileType = file.storyboard; path = LaunchScreen.storyboard; sourceTree = "<group>"; };
		72F8170D2AEAA3C60028B738 /* Malfunction.app */ = {isa = PBXFileReference; explicitFileType = wrapper.application; includeInIndex = 0; path = Malfunction.app; sourceTree = BUILT_PRODUCTS_DIR; };
		72F817102AEAA3C60028B738 /* AppDelegate.swift */ = {isa = PBXFileReference; lastKnownFileType = sourcecode.swift; path = AppDelegate.swift; sourceTree = "<group>"; };
		72F817142AEAA3C60028B738 /* ViewController.swift */ = {isa = PBXFileReference; lastKnownFileType = sourcecode.swift; path = ViewController.swift; sourceTree = "<group>"; };
		72F817172AEAA3C60028B738 /* Base */ = {isa = PBXFileReference; lastKnownFileType = file.storyboard; name = Base; path = Base.lproj/Main.storyboard; sourceTree = "<group>"; };
		72F817192AEAA3C80028B738 /* Assets.xcassets */ = {isa = PBXFileReference; lastKnownFileType = folder.assetcatalog; path = Assets.xcassets; sourceTree = "<group>"; };
/* End PBXFileReference section */

/* Begin PBXFrameworksBuildPhase section */
		72F8170A2AEAA3C60028B738 /* Frameworks */ = {
			isa = PBXFrameworksBuildPhase;
			buildActionMask = 2147483647;
			files = (
			);
			runOnlyForDeploymentPostprocessing = 0;
		};
/* End PBXFrameworksBuildPhase section */

/* Begin PBXGroup section */
		72E56A592AEAB2DD00DAA704 /* Fonts */ = {
			isa = PBXGroup;
			children = (
				72E56A5A2AEAB2DD00DAA704 /* Syncopate.ttf */,
				72E56A5B2AEAB2DD00DAA704 /* SyncopateBold.ttf */,
				72E56A5C2AEAB2DD00DAA704 /* NotoSansCJKTCBold.ttf */,
				72E56A5D2AEAB2DD00DAA704 /* NotoSansCJKTC.ttf */,
			);
			path = Fonts;
			sourceTree = "<group>";
		};
		72EBE0552AEAB89E0085046B /* Videos */ = {
			isa = PBXGroup;
			children = (
				72E56A512AEAAF8100DAA704 /* 101 世貿故障.mp4 */,
				72E56A522AEAAF8800DAA704 /* 松菸故障.mp4 */,
				72E56A532AEAAF8900DAA704 /* 自由廣場故障.mp4 */,
			);
			path = Videos;
			sourceTree = "<group>";
		};
		72F817042AEAA3C60028B738 = {
			isa = PBXGroup;
			children = (
				72F8170F2AEAA3C60028B738 /* Malfunction */,
				72F8170E2AEAA3C60028B738 /* Products */,
			);
			sourceTree = "<group>";
		};
		72F8170E2AEAA3C60028B738 /* Products */ = {
			isa = PBXGroup;
			children = (
				72F8170D2AEAA3C60028B738 /* Malfunction.app */,
			);
			name = Products;
			sourceTree = "<group>";
		};
		72F8170F2AEAA3C60028B738 /* Malfunction */ = {
			isa = PBXGroup;
			children = (
				72EBE05F2AEAC1BA0085046B /* LaunchScreen.storyboard */,
				72EBE05A2AEABCDB0085046B /* Info.plist */,
				72EBE0552AEAB89E0085046B /* Videos */,
				72E56A592AEAB2DD00DAA704 /* Fonts */,
				72E56A572AEAB0E800DAA704 /* ContentView.swift */,
				72F817102AEAA3C60028B738 /* AppDelegate.swift */,
				72F817142AEAA3C60028B738 /* ViewController.swift */,
				72F817162AEAA3C60028B738 /* Main.storyboard */,
				72F817192AEAA3C80028B738 /* Assets.xcassets */,
				72EBE0422AEAB8820085046B /* AppDelegate.swift */,
				72EBE0492AEAB8820085046B /* ContentView.swift */,
				72EBE0452AEAB8820085046B /* FutureScene.swift */,
				72EBE0442AEAB8820085046B /* futurescenes.json */,
				72EBE0582AEABADC0085046B /* loadingAnimation1.css */,
				72EBE0412AEAB8820085046B /* loadingAnimation2.css */,
				72EBE0432AEAB8820085046B /* loadingAnimationCompleted.html */,
				72EBE0462AEAB8820085046B /* loadingAnimationInitializing.html */,
				72EBE04A2AEAB8820085046B /* loadingAnimationLoading.html */,
				72EBE0472AEAB8820085046B /* SelectButton.swift */,
				72EBE0482AEAB8820085046B /* ViewController.swift */,
			);
			path = Malfunction;
			sourceTree = "<group>";
		};
/* End PBXGroup section */

/* Begin PBXNativeTarget section */
		72F8170C2AEAA3C60028B738 /* Malfunction */ = {
			isa = PBXNativeTarget;
			buildConfigurationList = 72F8171D2AEAA3C80028B738 /* Build configuration list for PBXNativeTarget "Malfunction" */;
			buildPhases = (
				72F817092AEAA3C60028B738 /* Sources */,
				72F8170A2AEAA3C60028B738 /* Frameworks */,
				72F8170B2AEAA3C60028B738 /* Resources */,
			);
			buildRules = (
			);
			dependencies = (
			);
			name = Malfunction;
			productName = Malfunction;
			productReference = 72F8170D2AEAA3C60028B738 /* Malfunction.app */;
			productType = "com.apple.product-type.application";
		};
/* End PBXNativeTarget section */

/* Begin PBXProject section */
		72F817052AEAA3C60028B738 /* Project object */ = {
			isa = PBXProject;
			attributes = {
				BuildIndependentTargetsInParallel = 1;
				LastSwiftUpdateCheck = 1510;
				LastUpgradeCheck = 1510;
				TargetAttributes = {
					72F8170C2AEAA3C60028B738 = {
						CreatedOnToolsVersion = 15.1;
					};
				};
			};
			buildConfigurationList = 72F817082AEAA3C60028B738 /* Build configuration list for PBXProject "Malfunction" */;
			compatibilityVersion = "Xcode 14.0";
			developmentRegion = en;
			hasScannedForEncodings = 0;
			knownRegions = (
				en,
				Base,
			);
			mainGroup = 72F817042AEAA3C60028B738;
			productRefGroup = 72F8170E2AEAA3C60028B738 /* Products */;
			projectDirPath = "";
			projectRoot = "";
			targets = (
				72F8170C2AEAA3C60028B738 /* Malfunction */,
			);
		};
/* End PBXProject section */

/* Begin PBXResourcesBuildPhase section */
		72F8170B2AEAA3C60028B738 /* Resources */ = {
			isa = PBXResourcesBuildPhase;
			buildActionMask = 2147483647;
			files = (
				72E56A542AEAAF8900DAA704 /* 101 世貿故障.mp4 in Resources */,
				72EBE04E2AEAB8820085046B /* futurescenes.json in Resources */,
				72E56A562AEAAF8900DAA704 /* 自由廣場故障.mp4 in Resources */,
				72F8171A2AEAA3C80028B738 /* Assets.xcassets in Resources */,
				72E56A5E2AEAB2DD00DAA704 /* Syncopate.ttf in Resources */,
				72EBE0542AEAB8820085046B /* loadingAnimationLoading.html in Resources */,
				72E56A612AEAB2DD00DAA704 /* NotoSansCJKTC.ttf in Resources */,
				72EBE04D2AEAB8820085046B /* loadingAnimationCompleted.html in Resources */,
				72E56A5F2AEAB2DD00DAA704 /* SyncopateBold.ttf in Resources */,
				72EBE0602AEAC1BA0085046B /* LaunchScreen.storyboard in Resources */,
				72E56A552AEAAF8900DAA704 /* 松菸故障.mp4 in Resources */,
				72EBE0502AEAB8820085046B /* loadingAnimationInitializing.html in Resources */,
				72EBE0592AEABADC0085046B /* loadingAnimation1.css in Resources */,
				72E56A602AEAB2DD00DAA704 /* NotoSansCJKTCBold.ttf in Resources */,
				72EBE04B2AEAB8820085046B /* loadingAnimation2.css in Resources */,
				72F817182AEAA3C60028B738 /* Main.storyboard in Resources */,
			);
			runOnlyForDeploymentPostprocessing = 0;
		};
/* End PBXResourcesBuildPhase section */

/* Begin PBXSourcesBuildPhase section */
		72F817092AEAA3C60028B738 /* Sources */ = {
			isa = PBXSourcesBuildPhase;
			buildActionMask = 2147483647;
			files = (
				72EBE04F2AEAB8820085046B /* FutureScene.swift in Sources */,
				72EBE04C2AEAB8820085046B /* AppDelegate.swift in Sources */,
				72EBE0532AEAB8820085046B /* ContentView.swift in Sources */,
				72F817152AEAA3C60028B738 /* ViewController.swift in Sources */,
				72EBE0512AEAB8820085046B /* SelectButton.swift in Sources */,
				72EBE0522AEAB8820085046B /* ViewController.swift in Sources */,
				72F817112AEAA3C60028B738 /* AppDelegate.swift in Sources */,
				72E56A582AEAB0E800DAA704 /* ContentView.swift in Sources */,
			);
			runOnlyForDeploymentPostprocessing = 0;
		};
/* End PBXSourcesBuildPhase section */

/* Begin PBXVariantGroup section */
		72F817162AEAA3C60028B738 /* Main.storyboard */ = {
			isa = PBXVariantGroup;
			children = (
				72F817172AEAA3C60028B738 /* Base */,
			);
			name = Main.storyboard;
			sourceTree = "<group>";
		};
/* End PBXVariantGroup section */

/* Begin XCBuildConfiguration section */
		72F8171B2AEAA3C80028B738 /* Debug */ = {
			isa = XCBuildConfiguration;
			buildSettings = {
				ALWAYS_SEARCH_USER_PATHS = NO;
				ASSETCATALOG_COMPILER_GENERATE_SWIFT_ASSET_SYMBOL_EXTENSIONS = YES;
				CLANG_ANALYZER_NONNULL = YES;
				CLANG_ANALYZER_NUMBER_OBJECT_CONVERSION = YES_AGGRESSIVE;
				CLANG_CXX_LANGUAGE_STANDARD = "gnu++20";
				CLANG_ENABLE_MODULES = YES;
				CLANG_ENABLE_OBJC_ARC = YES;
				CLANG_ENABLE_OBJC_WEAK = YES;
				CLANG_WARN_BLOCK_CAPTURE_AUTORELEASING = YES;
				CLANG_WARN_BOOL_CONVERSION = YES;
				CLANG_WARN_COMMA = YES;
				CLANG_WARN_CONSTANT_CONVERSION = YES;
				CLANG_WARN_DEPRECATED_OBJC_IMPLEMENTATIONS = YES;
				CLANG_WARN_DIRECT_OBJC_ISA_USAGE = YES_ERROR;
				CLANG_WARN_DOCUMENTATION_COMMENTS = YES;
				CLANG_WARN_EMPTY_BODY = YES;
				CLANG_WARN_ENUM_CONVERSION = YES;
				CLANG_WARN_INFINITE_RECURSION = YES;
				CLANG_WARN_INT_CONVERSION = YES;
				CLANG_WARN_NON_LITERAL_NULL_CONVERSION = YES;
				CLANG_WARN_OBJC_IMPLICIT_RETAIN_SELF = YES;
				CLANG_WARN_OBJC_LITERAL_CONVERSION = YES;
				CLANG_WARN_OBJC_ROOT_CLASS = YES_ERROR;
				CLANG_WARN_QUOTED_INCLUDE_IN_FRAMEWORK_HEADER = YES;
				CLANG_WARN_RANGE_LOOP_ANALYSIS = YES;
				CLANG_WARN_STRICT_PROTOTYPES = YES;
				CLANG_WARN_SUSPICIOUS_MOVE = YES;
				CLANG_WARN_UNGUARDED_AVAILABILITY = YES_AGGRESSIVE;
				CLANG_WARN_UNREACHABLE_CODE = YES;
				CLANG_WARN__DUPLICATE_METHOD_MATCH = YES;
				COPY_PHASE_STRIP = NO;
				CREATE_INFOPLIST_SECTION_IN_BINARY = NO;
				DEBUG_INFORMATION_FORMAT = dwarf;
				ENABLE_STRICT_OBJC_MSGSEND = YES;
				ENABLE_TESTABILITY = YES;
				ENABLE_USER_SCRIPT_SANDBOXING = YES;
				GCC_C_LANGUAGE_STANDARD = gnu17;
				GCC_DYNAMIC_NO_PIC = NO;
				GCC_NO_COMMON_BLOCKS = YES;
				GCC_OPTIMIZATION_LEVEL = 0;
				GCC_PREPROCESSOR_DEFINITIONS = (
					"DEBUG=1",
					"$(inherited)",
				);
				GCC_WARN_64_TO_32_BIT_CONVERSION = YES;
				GCC_WARN_ABOUT_RETURN_TYPE = YES_ERROR;
				GCC_WARN_UNDECLARED_SELECTOR = YES;
				GCC_WARN_UNINITIALIZED_AUTOS = YES_AGGRESSIVE;
				GCC_WARN_UNUSED_FUNCTION = YES;
				GCC_WARN_UNUSED_VARIABLE = YES;
				GENERATE_INFOPLIST_FILE = YES;
				IPHONEOS_DEPLOYMENT_TARGET = 17.0;
				LOCALIZATION_PREFERS_STRING_CATALOGS = YES;
				MTL_ENABLE_DEBUG_INFO = INCLUDE_SOURCE;
				MTL_FAST_MATH = YES;
				ONLY_ACTIVE_ARCH = YES;
				SDKROOT = iphoneos;
				SWIFT_ACTIVE_COMPILATION_CONDITIONS = "DEBUG $(inherited)";
				SWIFT_OPTIMIZATION_LEVEL = "-Onone";
			};
			name = Debug;
		};
		72F8171C2AEAA3C80028B738 /* Release */ = {
			isa = XCBuildConfiguration;
			buildSettings = {
				ALWAYS_SEARCH_USER_PATHS = NO;
				ASSETCATALOG_COMPILER_GENERATE_SWIFT_ASSET_SYMBOL_EXTENSIONS = YES;
				CLANG_ANALYZER_NONNULL = YES;
				CLANG_ANALYZER_NUMBER_OBJECT_CONVERSION = YES_AGGRESSIVE;
				CLANG_CXX_LANGUAGE_STANDARD = "gnu++20";
				CLANG_ENABLE_MODULES = YES;
				CLANG_ENABLE_OBJC_ARC = YES;
				CLANG_ENABLE_OBJC_WEAK = YES;
				CLANG_WARN_BLOCK_CAPTURE_AUTORELEASING = YES;
				CLANG_WARN_BOOL_CONVERSION = YES;
				CLANG_WARN_COMMA = YES;
				CLANG_WARN_CONSTANT_CONVERSION = YES;
				CLANG_WARN_DEPRECATED_OBJC_IMPLEMENTATIONS = YES;
				CLANG_WARN_DIRECT_OBJC_ISA_USAGE = YES_ERROR;
				CLANG_WARN_DOCUMENTATION_COMMENTS = YES;
				CLANG_WARN_EMPTY_BODY = YES;
				CLANG_WARN_ENUM_CONVERSION = YES;
				CLANG_WARN_INFINITE_RECURSION = YES;
				CLANG_WARN_INT_CONVERSION = YES;
				CLANG_WARN_NON_LITERAL_NULL_CONVERSION = YES;
				CLANG_WARN_OBJC_IMPLICIT_RETAIN_SELF = YES;
				CLANG_WARN_OBJC_LITERAL_CONVERSION = YES;
				CLANG_WARN_OBJC_ROOT_CLASS = YES_ERROR;
				CLANG_WARN_QUOTED_INCLUDE_IN_FRAMEWORK_HEADER = YES;
				CLANG_WARN_RANGE_LOOP_ANALYSIS = YES;
				CLANG_WARN_STRICT_PROTOTYPES = YES;
				CLANG_WARN_SUSPICIOUS_MOVE = YES;
				CLANG_WARN_UNGUARDED_AVAILABILITY = YES_AGGRESSIVE;
				CLANG_WARN_UNREACHABLE_CODE = YES;
				CLANG_WARN__DUPLICATE_METHOD_MATCH = YES;
				COPY_PHASE_STRIP = NO;
				CREATE_INFOPLIST_SECTION_IN_BINARY = NO;
				DEBUG_INFORMATION_FORMAT = "dwarf-with-dsym";
				ENABLE_NS_ASSERTIONS = NO;
				ENABLE_STRICT_OBJC_MSGSEND = YES;
				ENABLE_USER_SCRIPT_SANDBOXING = YES;
				GCC_C_LANGUAGE_STANDARD = gnu17;
				GCC_NO_COMMON_BLOCKS = YES;
				GCC_WARN_64_TO_32_BIT_CONVERSION = YES;
				GCC_WARN_ABOUT_RETURN_TYPE = YES_ERROR;
				GCC_WARN_UNDECLARED_SELECTOR = YES;
				GCC_WARN_UNINITIALIZED_AUTOS = YES_AGGRESSIVE;
				GCC_WARN_UNUSED_FUNCTION = YES;
				GCC_WARN_UNUSED_VARIABLE = YES;
				GENERATE_INFOPLIST_FILE = YES;
				IPHONEOS_DEPLOYMENT_TARGET = 17.0;
				LOCALIZATION_PREFERS_STRING_CATALOGS = YES;
				MTL_ENABLE_DEBUG_INFO = NO;
				MTL_FAST_MATH = YES;
				SDKROOT = iphoneos;
				SWIFT_COMPILATION_MODE = wholemodule;
				VALIDATE_PRODUCT = YES;
			};
			name = Release;
		};
		72F8171E2AEAA3C80028B738 /* Debug */ = {
			isa = XCBuildConfiguration;
			buildSettings = {
				ASSETCATALOG_COMPILER_APPICON_NAME = AppIcon;
				ASSETCATALOG_COMPILER_GLOBAL_ACCENT_COLOR_NAME = AccentColor;
				CODE_SIGN_STYLE = Automatic;
				CURRENT_PROJECT_VERSION = 1;
				DEVELOPMENT_TEAM = 6ULV77C4SH;
				GENERATE_INFOPLIST_FILE = YES;
				INFOPLIST_FILE = Malfunction/Info.plist;
				INFOPLIST_KEY_NSCameraUsageDescription = "";
				INFOPLIST_KEY_UIApplicationSupportsIndirectInputEvents = YES;
				INFOPLIST_KEY_UILaunchStoryboardName = LaunchScreen.storyboard;
				INFOPLIST_KEY_UIMainStoryboardFile = Main;
				INFOPLIST_KEY_UIRequiredDeviceCapabilities = arkit;
				INFOPLIST_KEY_UIStatusBarHidden = YES;
				INFOPLIST_KEY_UISupportedInterfaceOrientations = "UIInterfaceOrientationLandscapeLeft UIInterfaceOrientationLandscapeRight";
				LD_RUNPATH_SEARCH_PATHS = (
					"$(inherited)",
					"@executable_path/Frameworks",
				);
				MARKETING_VERSION = 1.0;
				PRODUCT_BUNDLE_IDENTIFIER = HPC.Malfunction;
				PRODUCT_NAME = "$(TARGET_NAME)";
				SWIFT_EMIT_LOC_STRINGS = YES;
				SWIFT_VERSION = 5.0;
				TARGETED_DEVICE_FAMILY = "1,2";
			};
			name = Debug;
		};
		72F8171F2AEAA3C80028B738 /* Release */ = {
			isa = XCBuildConfiguration;
			buildSettings = {
				ASSETCATALOG_COMPILER_APPICON_NAME = AppIcon;
				ASSETCATALOG_COMPILER_GLOBAL_ACCENT_COLOR_NAME = AccentColor;
				CODE_SIGN_STYLE = Automatic;
				CURRENT_PROJECT_VERSION = 1;
				DEVELOPMENT_TEAM = 6ULV77C4SH;
				GENERATE_INFOPLIST_FILE = YES;
				INFOPLIST_FILE = Malfunction/Info.plist;
				INFOPLIST_KEY_NSCameraUsageDescription = "";
				INFOPLIST_KEY_UIApplicationSupportsIndirectInputEvents = YES;
				INFOPLIST_KEY_UILaunchStoryboardName = LaunchScreen.storyboard;
				INFOPLIST_KEY_UIMainStoryboardFile = Main;
				INFOPLIST_KEY_UIRequiredDeviceCapabilities = arkit;
				INFOPLIST_KEY_UIStatusBarHidden = YES;
				INFOPLIST_KEY_UISupportedInterfaceOrientations = "UIInterfaceOrientationLandscapeLeft UIInterfaceOrientationLandscapeRight";
				LD_RUNPATH_SEARCH_PATHS = (
					"$(inherited)",
					"@executable_path/Frameworks",
				);
				MARKETING_VERSION = 1.0;
				PRODUCT_BUNDLE_IDENTIFIER = HPC.Malfunction;
				PRODUCT_NAME = "$(TARGET_NAME)";
				SWIFT_EMIT_LOC_STRINGS = YES;
				SWIFT_VERSION = 5.0;
				TARGETED_DEVICE_FAMILY = "1,2";
			};
			name = Release;
		};
/* End XCBuildConfiguration section */

/* Begin XCConfigurationList section */
		72F817082AEAA3C60028B738 /* Build configuration list for PBXProject "Malfunction" */ = {
			isa = XCConfigurationList;
			buildConfigurations = (
				72F8171B2AEAA3C80028B738 /* Debug */,
				72F8171C2AEAA3C80028B738 /* Release */,
			);
			defaultConfigurationIsVisible = 0;
			defaultConfigurationName = Release;
		};
		72F8171D2AEAA3C80028B738 /* Build configuration list for PBXNativeTarget "Malfunction" */ = {
			isa = XCConfigurationList;
			buildConfigurations = (
				72F8171E2AEAA3C80028B738 /* Debug */,
				72F8171F2AEAA3C80028B738 /* Release */,
			);
			defaultConfigurationIsVisible = 0;
			defaultConfigurationName = Release;
		};
/* End XCConfigurationList section */
	};
	rootObject = 72F817052AEAA3C60028B738 /* Project object */;
}
